post:
  tags:
    - friends
  summary: block a user
  description: As a user, I need an API to block updates from an email address.
  operationId: friends/addSubscribe
  responses:
    "200":
      description: ok
      content:
        application/json:
          schema:
            type: object
            properties:
              code:
                type: number
                example: 1
              success:
                type: boolean
                example: true

  requestBody:
    content:
      application/json:
        schema:
          type: object
          properties:
            target:
              type: string
              example: "andy@example.com"
            requestor:
              type: string
              example: "john@example.com"
